
Microsoft Visual Studio Solution File, Format Version 12.00
# Visual Studio Version 17
VisualStudioVersion = 17.13.35806.99 d17.13
MinimumVisualStudioVersion = 10.0.40219.1
Project("{FAE04EC0-301F-11D3-BF4B-00C04F79EFBC}") = "ScarpeCo.SellsTennis", "ScarpeCo.SellsTennis\ScarpeCo.SellsTennis.csproj", "{ECA3CF7D-61CB-45E7-B5CC-B880D08E2DD4}"
EndProject
Global
	GlobalSection(SolutionConfigurationPlatforms) = preSolution
		Debug|Any CPU = Debug|Any CPU
		Release|Any CPU = Release|Any CPU
	EndGlobalSection
	GlobalSection(ProjectConfigurationPlatforms) = postSolution
		{ECA3CF7D-61CB-45E7-B5CC-B880D08E2DD4}.Debug|Any CPU.ActiveCfg = Debug|Any CPU
		{ECA3CF7D-61CB-45E7-B5CC-B880D08E2DD4}.Debug|Any CPU.Build.0 = Debug|Any CPU
		{ECA3CF7D-61CB-45E7-B5CC-B880D08E2DD4}.Release|Any CPU.ActiveCfg = Release|Any CPU
		{ECA3CF7D-61CB-45E7-B5CC-B880D08E2DD4}.Release|Any CPU.Build.0 = Release|Any CPU
	EndGlobalSection
	GlobalSection(SolutionProperties) = preSolution
		HideSolutionNode = FALSE
	EndGlobalSection
	GlobalSection(ExtensibilityGlobals) = postSolution
		SolutionGuid = {86223818-DB00-4008-B7E3-CB92DD5EDA16}
	EndGlobalSection
EndGlobal
